{
  "nodes": {
    "nixpkgs": {
      "locked": {
        "lastModified": 1714334765,
        "narHash": "sha256-pjwJhNlg+D7OKjfbHk1ODs2qAmK9eGwi7Q0HUUa51To=",
        "owner": "NixOS",
        "repo": "nixpkgs",
        "rev": "c49c6a7bf752224177f2098e951c85ca5703d9c3",
        "type": "github"
      },
      "original": {
        "id": "nixpkgs",
        "type": "indirect"
      }
    },
    "root": {
      "inputs": {
        "nixpkgs": "nixpkgs"
      }
    }
  },
  "root": "root",
  "version": 7
}
